{
  "name": "obix-monorepo",
  "version": "0.2.1",
  "lockfileVersion": 3,
  "requires": true,
  "packages": {
    "": {
      "name": "obix-monorepo",
      "version": "0.2.1",
      "license": "MIT",
      "workspaces": [
        "packages/*",
        "suite/*",
        "core/*",
        "adapters/*",
        "primitives/*",
        "overlays/obix-component-modal",
        "overlays/obix-component-dropdown",
        "overlays/obix-component-tooltip",
        "runtime/obix",
        "games/*"
      ],
      "devDependencies": {
        "@types/node": "^22.10.2",
        "esbuild": "^0.24.2",
        "typescript": "^5.7.2"
      },
      "engines": {
        "node": ">=20.11.0"
      }
    },
    "adapters/obix-adapter-data": {
      "name": "@obinexusltd/obix-adapter-data",
      "version": "0.3.0",
      "license": "MIT",
      "engines": {
        "node": ">=20.11.0"
      }
    },
    "adapters/obix-adapter-func": {
      "name": "@obinexusltd/obix-adapter-func",
      "version": "0.3.0",
      "license": "MIT",
      "engines": {
        "node": ">=20.11.0"
      }
    },
    "adapters/obix-adapter-oop": {
      "name": "@obinexusltd/obix-adapter-oop",
      "version": "0.3.0",
      "license": "MIT",
      "engines": {
        "node": ">=20.11.0"
      }
    },
    "adapters/obix-adapter-reactive": {
      "name": "@obinexusltd/obix-adapter-reactive",
      "version": "0.3.0",
      "license": "MIT",
      "engines": {
        "node": ">=20.11.0"
      }
    },
    "adapters/obix-adapter-ssr": {
      "name": "@obinexusltd/obix-adapter-ssr",
      "version": "0.3.0",
      "license": "MIT",
      "engines": {
        "node": ">=20.11.0"
      }
    },
    "core/obix-core-capabilities": {
      "name": "@obinexusltd/obix-core-capabilities",
      "version": "0.1.0",
      "license": "MIT",
      "devDependencies": {
        "@types/node": "^22.10.2",
        "typescript": "~5.7.2"
      },
      "engines": {
        "node": ">=20.11.0"
      }
    },
    "core/obix-core-capabilities/node_modules/typescript": {
      "version": "5.7.3",
      "resolved": "https://registry.npmjs.org/typescript/-/typescript-5.7.3.tgz",
      "integrity": "sha512-84MVSjMEHP+FQRPy3pX9sTVV/INIex71s9TL2Gm5FG/WG1SqXeKyZ0k7/blY/4FdOzI12CBy1vGc4og/eus0fw==",
      "dev": true,
      "license": "Apache-2.0",
      "bin": {
        "tsc": "bin/tsc",
        "tsserver": "bin/tsserver"
      },
      "engines": {
        "node": ">=14.17"
      }
    },
    "core/obix-core-diagnostics": {
      "name": "@obinexusltd/obix-core-diagnostics",
      "version": "0.1.0",
      "license": "MIT",
      "dependencies": {
        "@obinexusltd/obix-core-capabilities": "0.1.0"
      },
      "devDependencies": {
        "@types/node": "^22.10.2",
        "typescript": "~5.7.2"
      },
      "engines": {
        "node": ">=20.11.0"
      }
    },
    "core/obix-core-diagnostics/node_modules/typescript": {
      "version": "5.7.3",
      "resolved": "https://registry.npmjs.org/typescript/-/typescript-5.7.3.tgz",
      "integrity": "sha512-84MVSjMEHP+FQRPy3pX9sTVV/INIex71s9TL2Gm5FG/WG1SqXeKyZ0k7/blY/4FdOzI12CBy1vGc4og/eus0fw==",
      "dev": true,
      "license": "Apache-2.0",
      "bin": {
        "tsc": "bin/tsc",
        "tsserver": "bin/tsserver"
      },
      "engines": {
        "node": ">=14.17"
      }
    },
    "core/obix-core-filesystem": {
      "name": "@obinexusltd/obix-core-filesystem",
      "version": "0.1.0",
      "license": "MIT",
      "dependencies": {
        "@obinexusltd/obix-core-capabilities": "0.1.0"
      },
      "devDependencies": {
        "@types/node": "^22.10.2",
        "typescript": "~5.7.2"
      },
      "engines": {
        "node": ">=20.11.0"
      }
    },
    "core/obix-core-filesystem/node_modules/typescript": {
      "version": "5.7.3",
      "resolved": "https://registry.npmjs.org/typescript/-/typescript-5.7.3.tgz",
      "integrity": "sha512-84MVSjMEHP+FQRPy3pX9sTVV/INIex71s9TL2Gm5FG/WG1SqXeKyZ0k7/blY/4FdOzI12CBy1vGc4og/eus0fw==",
      "dev": true,
      "license": "Apache-2.0",
      "bin": {
        "tsc": "bin/tsc",
        "tsserver": "bin/tsserver"
      },
      "engines": {
        "node": ">=14.17"
      }
    },
    "core/obix-core-modules": {
      "name": "@obinexusltd/obix-core-modules",
      "version": "0.1.0",
      "license": "MIT",
      "dependencies": {
        "@obinexusltd/obix-core-capabilities": "0.1.0"
      },
      "devDependencies": {
        "@types/node": "^22.10.2",
        "typescript": "~5.7.2"
      },
      "engines": {
        "node": ">=20.11.0"
      }
    },
    "core/obix-core-modules/node_modules/typescript": {
      "version": "5.7.3",
      "resolved": "https://registry.npmjs.org/typescript/-/typescript-5.7.3.tgz",
      "integrity": "sha512-84MVSjMEHP+FQRPy3pX9sTVV/INIex71s9TL2Gm5FG/WG1SqXeKyZ0k7/blY/4FdOzI12CBy1vGc4og/eus0fw==",
      "dev": true,
      "license": "Apache-2.0",
      "bin": {
        "tsc": "bin/tsc",
        "tsserver": "bin/tsserver"
      },
      "engines": {
        "node": ">=14.17"
      }
    },
    "core/obix-core-native": {
      "name": "@obinexusltd/obix-core-native",
      "version": "0.1.0",
      "license": "MIT",
      "dependencies": {
        "@obinexusltd/obix-core-capabilities": "0.1.0",
        "@obinexusltd/obix-core-modules": "0.1.0"
      },
      "devDependencies": {
        "@types/node": "^22.10.2",
        "typescript": "~5.7.2"
      },
      "engines": {
        "node": ">=20.11.0"
      }
    },
    "core/obix-core-native/node_modules/typescript": {
      "version": "5.7.3",
      "resolved": "https://registry.npmjs.org/typescript/-/typescript-5.7.3.tgz",
      "integrity": "sha512-84MVSjMEHP+FQRPy3pX9sTVV/INIex71s9TL2Gm5FG/WG1SqXeKyZ0k7/blY/4FdOzI12CBy1vGc4og/eus0fw==",
      "dev": true,
      "license": "Apache-2.0",
      "bin": {
        "tsc": "bin/tsc",
        "tsserver": "bin/tsserver"
      },
      "engines": {
        "node": ">=14.17"
      }
    },
    "core/obix-core-process": {
      "name": "@obinexusltd/obix-core-process",
      "version": "0.1.0",
      "license": "MIT",
      "dependencies": {
        "@obinexusltd/obix-core-capabilities": "0.1.0",
        "@obinexusltd/obix-core-modules": "0.1.0",
        "@obinexusltd/obix-core-streams": "0.1.0"
      },
      "devDependencies": {
        "@types/node": "^22.10.2",
        "typescript": "~5.7.2"
      },
      "engines": {
        "node": ">=20.11.0"
      }
    },
    "core/obix-core-process/node_modules/typescript": {
      "version": "5.7.3",
      "resolved": "https://registry.npmjs.org/typescript/-/typescript-5.7.3.tgz",
      "integrity": "sha512-84MVSjMEHP+FQRPy3pX9sTVV/INIex71s9TL2Gm5FG/WG1SqXeKyZ0k7/blY/4FdOzI12CBy1vGc4og/eus0fw==",
      "dev": true,
      "license": "Apache-2.0",
      "bin": {
        "tsc": "bin/tsc",
        "tsserver": "bin/tsserver"
      },
      "engines": {
        "node": ">=14.17"
      }
    },
    "core/obix-core-scheduler": {
      "name": "@obinexusltd/obix-core-scheduler",
      "version": "0.1.0",
      "license": "MIT",
      "dependencies": {
        "@obinexusltd/obix-core-capabilities": "0.1.0"
      },
      "devDependencies": {
        "@types/node": "^22.10.2",
        "typescript": "~5.7.2"
      },
      "engines": {
        "node": ">=20.11.0"
      }
    },
    "core/obix-core-scheduler/node_modules/typescript": {
      "version": "5.7.3",
      "resolved": "https://registry.npmjs.org/typescript/-/typescript-5.7.3.tgz",
      "integrity": "sha512-84MVSjMEHP+FQRPy3pX9sTVV/INIex71s9TL2Gm5FG/WG1SqXeKyZ0k7/blY/4FdOzI12CBy1vGc4og/eus0fw==",
      "dev": true,
      "license": "Apache-2.0",
      "bin": {
        "tsc": "bin/tsc",
        "tsserver": "bin/tsserver"
      },
      "engines": {
        "node": ">=14.17"
      }
    },
    "core/obix-core-streams": {
      "name": "@obinexusltd/obix-core-streams",
      "version": "0.1.0",
      "license": "MIT",
      "dependencies": {
        "@obinexusltd/obix-core-capabilities": "0.1.0"
      },
      "devDependencies": {
        "@types/node": "^22.10.2",
        "typescript": "~5.7.2"
      },
      "engines": {
        "node": ">=20.11.0"
      }
    },
    "core/obix-core-streams/node_modules/typescript": {
      "version": "5.7.3",
      "resolved": "https://registry.npmjs.org/typescript/-/typescript-5.7.3.tgz",
      "integrity": "sha512-84MVSjMEHP+FQRPy3pX9sTVV/INIex71s9TL2Gm5FG/WG1SqXeKyZ0k7/blY/4FdOzI12CBy1vGc4og/eus0fw==",
      "dev": true,
      "license": "Apache-2.0",
      "bin": {
        "tsc": "bin/tsc",
        "tsserver": "bin/tsserver"
      },
      "engines": {
        "node": ">=14.17"
      }
    },
    "core/obix-core-web": {
      "name": "@obinexusltd/obix-core-web",
      "version": "0.1.0",
      "license": "MIT",
      "dependencies": {
        "@obinexusltd/obix-core-capabilities": "0.1.0",
        "@obinexusltd/obix-core-scheduler": "0.1.0"
      },
      "devDependencies": {
        "@types/node": "^22.10.2",
        "typescript": "~5.7.2"
      },
      "engines": {
        "node": ">=20.11.0"
      }
    },
    "core/obix-core-web/node_modules/typescript": {
      "version": "5.7.3",
      "resolved": "https://registry.npmjs.org/typescript/-/typescript-5.7.3.tgz",
      "integrity": "sha512-84MVSjMEHP+FQRPy3pX9sTVV/INIex71s9TL2Gm5FG/WG1SqXeKyZ0k7/blY/4FdOzI12CBy1vGc4og/eus0fw==",
      "dev": true,
      "license": "Apache-2.0",
      "bin": {
        "tsc": "bin/tsc",
        "tsserver": "bin/tsserver"
      },
      "engines": {
        "node": ">=14.17"
      }
    },
    "core/obix-core-workers": {
      "name": "@obinexusltd/obix-core-workers",
      "version": "0.1.0",
      "license": "MIT",
      "dependencies": {
        "@obinexusltd/obix-core-capabilities": "0.1.0",
        "@obinexusltd/obix-core-modules": "0.1.0",
        "@obinexusltd/obix-core-scheduler": "0.1.0"
      },
      "devDependencies": {
        "@types/node": "^22.10.2",
        "typescript": "~5.7.2"
      },
      "engines": {
        "node": ">=20.11.0"
      }
    },
    "core/obix-core-workers/node_modules/typescript": {
      "version": "5.7.3",
      "resolved": "https://registry.npmjs.org/typescript/-/typescript-5.7.3.tgz",
      "integrity": "sha512-84MVSjMEHP+FQRPy3pX9sTVV/INIex71s9TL2Gm5FG/WG1SqXeKyZ0k7/blY/4FdOzI12CBy1vGc4og/eus0fw==",
      "dev": true,
      "license": "Apache-2.0",
      "bin": {
        "tsc": "bin/tsc",
        "tsserver": "bin/tsserver"
      },
      "engines": {
        "node": ">=14.17"
      }
    },
    "games/obix-game-pong": {
      "name": "@obinexusltd/obix-game-pong",
      "version": "0.3.0",
      "license": "MIT",
      "engines": {
        "node": ">=20.11.0"
      }
    },
    "node_modules/@esbuild/aix-ppc64": {
      "version": "0.24.2",
      "resolved": "https://registry.npmjs.org/@esbuild/aix-ppc64/-/aix-ppc64-0.24.2.tgz",
      "integrity": "sha512-thpVCb/rhxE/BnMLQ7GReQLLN8q9qbHmI55F4489/ByVg2aQaQ6kbcLb6FHkocZzQhxc4gx0sCk0tJkKBFzDhA==",
      "cpu": [
        "ppc64"
      ],
      "license": "MIT",
      "optional": true,
      "os": [
        "aix"
      ],
      "engines": {
        "node": ">=18"
      }
    },
    "node_modules/@esbuild/android-arm": {
      "version": "0.24.2",
      "resolved": "https://registry.npmjs.org/@esbuild/android-arm/-/android-arm-0.24.2.tgz",
      "integrity": "sha512-tmwl4hJkCfNHwFB3nBa8z1Uy3ypZpxqxfTQOcHX+xRByyYgunVbZ9MzUUfb0RxaHIMnbHagwAxuTL+tnNM+1/Q==",
      "cpu": [
        "arm"
      ],
      "license": "MIT",
      "optional": true,
      "os": [
        "android"
      ],
      "engines": {
        "node": ">=18"
      }
    },
    "node_modules/@esbuild/android-arm64": {
      "version": "0.24.2",
      "resolved": "https://registry.npmjs.org/@esbuild/android-arm64/-/android-arm64-0.24.2.tgz",
      "integrity": "sha512-cNLgeqCqV8WxfcTIOeL4OAtSmL8JjcN6m09XIgro1Wi7cF4t/THaWEa7eL5CMoMBdjoHOTh/vwTO/o2TRXIyzg==",
      "cpu": [
        "arm64"
      ],
      "license": "MIT",
      "optional": true,
      "os": [
        "android"
      ],
      "engines": {
        "node": ">=18"
      }
    },
    "node_modules/@esbuild/android-x64": {
      "version": "0.24.2",
      "resolved": "https://registry.npmjs.org/@esbuild/android-x64/-/android-x64-0.24.2.tgz",
      "integrity": "sha512-B6Q0YQDqMx9D7rvIcsXfmJfvUYLoP722bgfBlO5cGvNVb5V/+Y7nhBE3mHV9OpxBf4eAS2S68KZztiPaWq4XYw==",
      "cpu": [
        "x64"
      ],
      "license": "MIT",
      "optional": true,
      "os": [
        "android"
      ],
      "engines": {
        "node": ">=18"
      }
    },
    "node_modules/@esbuild/darwin-arm64": {
      "version": "0.24.2",
      "resolved": "https://registry.npmjs.org/@esbuild/darwin-arm64/-/darwin-arm64-0.24.2.tgz",
      "integrity": "sha512-kj3AnYWc+CekmZnS5IPu9D+HWtUI49hbnyqk0FLEJDbzCIQt7hg7ucF1SQAilhtYpIujfaHr6O0UHlzzSPdOeA==",
      "cpu": [
        "arm64"
      ],
      "license": "MIT",
      "optional": true,
      "os": [
        "darwin"
      ],
      "engines": {
        "node": ">=18"
      }
    },
    "node_modules/@esbuild/darwin-x64": {
      "version": "0.24.2",
      "resolved": "https://registry.npmjs.org/@esbuild/darwin-x64/-/darwin-x64-0.24.2.tgz",
      "integrity": "sha512-WeSrmwwHaPkNR5H3yYfowhZcbriGqooyu3zI/3GGpF8AyUdsrrP0X6KumITGA9WOyiJavnGZUwPGvxvwfWPHIA==",
      "cpu": [
        "x64"
      ],
      "license": "MIT",
      "optional": true,
      "os": [
        "darwin"
      ],
      "engines": {
        "node": ">=18"
      }
    },
    "node_modules/@esbuild/freebsd-arm64": {
      "version": "0.24.2",
      "resolved": "https://registry.npmjs.org/@esbuild/freebsd-arm64/-/freebsd-arm64-0.24.2.tgz",
      "integrity": "sha512-UN8HXjtJ0k/Mj6a9+5u6+2eZ2ERD7Edt1Q9IZiB5UZAIdPnVKDoG7mdTVGhHJIeEml60JteamR3qhsr1r8gXvg==",
      "cpu": [
        "arm64"
      ],
      "license": "MIT",
      "optional": true,
      "os": [
        "freebsd"
      ],
      "engines": {
        "node": ">=18"
      }
    },
    "node_modules/@esbuild/freebsd-x64": {
      "version": "0.24.2",
      "resolved": "https://registry.npmjs.org/@esbuild/freebsd-x64/-/freebsd-x64-0.24.2.tgz",
      "integrity": "sha512-TvW7wE/89PYW+IevEJXZ5sF6gJRDY/14hyIGFXdIucxCsbRmLUcjseQu1SyTko+2idmCw94TgyaEZi9HUSOe3Q==",
      "cpu": [
        "x64"
      ],
      "license": "MIT",
      "optional": true,
      "os": [
        "freebsd"
      ],
      "engines": {
        "node": ">=18"
      }
    },
    "node_modules/@esbuild/linux-arm": {
      "version": "0.24.2",
      "resolved": "https://registry.npmjs.org/@esbuild/linux-arm/-/linux-arm-0.24.2.tgz",
      "integrity": "sha512-n0WRM/gWIdU29J57hJyUdIsk0WarGd6To0s+Y+LwvlC55wt+GT/OgkwoXCXvIue1i1sSNWblHEig00GBWiJgfA==",
      "cpu": [
        "arm"
      ],
      "license": "MIT",
      "optional": true,
      "os": [
        "linux"
      ],
      "engines": {
        "node": ">=18"
      }
    },
    "node_modules/@esbuild/linux-arm64": {
      "version": "0.24.2",
      "resolved": "https://registry.npmjs.org/@esbuild/linux-arm64/-/linux-arm64-0.24.2.tgz",
      "integrity": "sha512-7HnAD6074BW43YvvUmE/35Id9/NB7BeX5EoNkK9obndmZBUk8xmJJeU7DwmUeN7tkysslb2eSl6CTrYz6oEMQg==",
      "cpu": [
        "arm64"
      ],
      "license": "MIT",
      "optional": true,
      "os": [
        "linux"
      ],
      "engines": {
        "node": ">=18"
      }
    },
    "node_modules/@esbuild/linux-ia32": {
      "version": "0.24.2",
      "resolved": "https://registry.npmjs.org/@esbuild/linux-ia32/-/linux-ia32-0.24.2.tgz",
      "integrity": "sha512-sfv0tGPQhcZOgTKO3oBE9xpHuUqguHvSo4jl+wjnKwFpapx+vUDcawbwPNuBIAYdRAvIDBfZVvXprIj3HA+Ugw==",
      "cpu": [
        "ia32"
      ],
      "license": "MIT",
      "optional": true,
      "os": [
        "linux"
      ],
      "engines": {
        "node": ">=18"
      }
    },
    "node_modules/@esbuild/linux-loong64": {
      "version": "0.24.2",
      "resolved": "https://registry.npmjs.org/@esbuild/linux-loong64/-/linux-loong64-0.24.2.tgz",
      "integrity": "sha512-CN9AZr8kEndGooS35ntToZLTQLHEjtVB5n7dl8ZcTZMonJ7CCfStrYhrzF97eAecqVbVJ7APOEe18RPI4KLhwQ==",
      "cpu": [
        "loong64"
      ],
      "license": "MIT",
      "optional": true,
      "os": [
        "linux"
      ],
      "engines": {
        "node": ">=18"
      }
    },
    "node_modules/@esbuild/linux-mips64el": {
      "version": "0.24.2",
      "resolved": "https://registry.npmjs.org/@esbuild/linux-mips64el/-/linux-mips64el-0.24.2.tgz",
      "integrity": "sha512-iMkk7qr/wl3exJATwkISxI7kTcmHKE+BlymIAbHO8xanq/TjHaaVThFF6ipWzPHryoFsesNQJPE/3wFJw4+huw==",
      "cpu": [
        "mips64el"
      ],
      "license": "MIT",
      "optional": true,
      "os": [
        "linux"
      ],
      "engines": {
        "node": ">=18"
      }
    },
    "node_modules/@esbuild/linux-ppc64": {
      "version": "0.24.2",
      "resolved": "https://registry.npmjs.org/@esbuild/linux-ppc64/-/linux-ppc64-0.24.2.tgz",
      "integrity": "sha512-shsVrgCZ57Vr2L8mm39kO5PPIb+843FStGt7sGGoqiiWYconSxwTiuswC1VJZLCjNiMLAMh34jg4VSEQb+iEbw==",
      "cpu": [
        "ppc64"
      ],
      "license": "MIT",
      "optional": true,
      "os": [
        "linux"
      ],
      "engines": {
        "node": ">=18"
      }
    },
    "node_modules/@esbuild/linux-riscv64": {
      "version": "0.24.2",
      "resolved": "https://registry.npmjs.org/@esbuild/linux-riscv64/-/linux-riscv64-0.24.2.tgz",
      "integrity": "sha512-4eSFWnU9Hhd68fW16GD0TINewo1L6dRrB+oLNNbYyMUAeOD2yCK5KXGK1GH4qD/kT+bTEXjsyTCiJGHPZ3eM9Q==",
      "cpu": [
        "riscv64"
      ],
      "license": "MIT",
      "optional": true,
      "os": [
        "linux"
      ],
      "engines": {
        "node": ">=18"
      }
    },
    "node_modules/@esbuild/linux-s390x": {
      "version": "0.24.2",
      "resolved": "https://registry.npmjs.org/@esbuild/linux-s390x/-/linux-s390x-0.24.2.tgz",
      "integrity": "sha512-S0Bh0A53b0YHL2XEXC20bHLuGMOhFDO6GN4b3YjRLK//Ep3ql3erpNcPlEFed93hsQAjAQDNsvcK+hV90FubSw==",
      "cpu": [
        "s390x"
      ],
      "license": "MIT",
      "optional": true,
      "os": [
        "linux"
      ],
      "engines": {
        "node": ">=18"
      }
    },
    "node_modules/@esbuild/linux-x64": {
      "version": "0.24.2",
      "resolved": "https://registry.npmjs.org/@esbuild/linux-x64/-/linux-x64-0.24.2.tgz",
      "integrity": "sha512-8Qi4nQcCTbLnK9WoMjdC9NiTG6/E38RNICU6sUNqK0QFxCYgoARqVqxdFmWkdonVsvGqWhmm7MO0jyTqLqwj0Q==",
      "cpu": [
        "x64"
      ],
      "license": "MIT",
      "optional": true,
      "os": [
        "linux"
      ],
      "engines": {
        "node": ">=18"
      }
    },
    "node_modules/@esbuild/netbsd-arm64": {
      "version": "0.24.2",
      "resolved": "https://registry.npmjs.org/@esbuild/netbsd-arm64/-/netbsd-arm64-0.24.2.tgz",
      "integrity": "sha512-wuLK/VztRRpMt9zyHSazyCVdCXlpHkKm34WUyinD2lzK07FAHTq0KQvZZlXikNWkDGoT6x3TD51jKQ7gMVpopw==",
      "cpu": [
        "arm64"
      ],
      "license": "MIT",
      "optional": true,
      "os": [
        "netbsd"
      ],
      "engines": {
        "node": ">=18"
      }
    },
    "node_modules/@esbuild/netbsd-x64": {
      "version": "0.24.2",
      "resolved": "https://registry.npmjs.org/@esbuild/netbsd-x64/-/netbsd-x64-0.24.2.tgz",
      "integrity": "sha512-VefFaQUc4FMmJuAxmIHgUmfNiLXY438XrL4GDNV1Y1H/RW3qow68xTwjZKfj/+Plp9NANmzbH5R40Meudu8mmw==",
      "cpu": [
        "x64"
      ],
      "license": "MIT",
      "optional": true,
      "os": [
        "netbsd"
      ],
      "engines": {
        "node": ">=18"
      }
    },
    "node_modules/@esbuild/openbsd-arm64": {
      "version": "0.24.2",
      "resolved": "https://registry.npmjs.org/@esbuild/openbsd-arm64/-/openbsd-arm64-0.24.2.tgz",
      "integrity": "sha512-YQbi46SBct6iKnszhSvdluqDmxCJA+Pu280Av9WICNwQmMxV7nLRHZfjQzwbPs3jeWnuAhE9Jy0NrnJ12Oz+0A==",
      "cpu": [
        "arm64"
      ],
      "license": "MIT",
      "optional": true,
      "os": [
        "openbsd"
      ],
      "engines": {
        "node": ">=18"
      }
    },
    "node_modules/@esbuild/openbsd-x64": {
      "version": "0.24.2",
      "resolved": "https://registry.npmjs.org/@esbuild/openbsd-x64/-/openbsd-x64-0.24.2.tgz",
      "integrity": "sha512-+iDS6zpNM6EnJyWv0bMGLWSWeXGN/HTaF/LXHXHwejGsVi+ooqDfMCCTerNFxEkM3wYVcExkeGXNqshc9iMaOA==",
      "cpu": [
        "x64"
      ],
      "license": "MIT",
      "optional": true,
      "os": [
        "openbsd"
      ],
      "engines": {
        "node": ">=18"
      }
    },
    "node_modules/@esbuild/sunos-x64": {
      "version": "0.24.2",
      "resolved": "https://registry.npmjs.org/@esbuild/sunos-x64/-/sunos-x64-0.24.2.tgz",
      "integrity": "sha512-hTdsW27jcktEvpwNHJU4ZwWFGkz2zRJUz8pvddmXPtXDzVKTTINmlmga3ZzwcuMpUvLw7JkLy9QLKyGpD2Yxig==",
      "cpu": [
        "x64"
      ],
      "license": "MIT",
      "optional": true,
      "os": [
        "sunos"
      ],
      "engines": {
        "node": ">=18"
      }
    },
    "node_modules/@esbuild/win32-arm64": {
      "version": "0.24.2",
      "resolved": "https://registry.npmjs.org/@esbuild/win32-arm64/-/win32-arm64-0.24.2.tgz",
      "integrity": "sha512-LihEQ2BBKVFLOC9ZItT9iFprsE9tqjDjnbulhHoFxYQtQfai7qfluVODIYxt1PgdoyQkz23+01rzwNwYfutxUQ==",
      "cpu": [
        "arm64"
      ],
      "license": "MIT",
      "optional": true,
      "os": [
        "win32"
      ],
      "engines": {
        "node": ">=18"
      }
    },
    "node_modules/@esbuild/win32-ia32": {
      "version": "0.24.2",
      "resolved": "https://registry.npmjs.org/@esbuild/win32-ia32/-/win32-ia32-0.24.2.tgz",
      "integrity": "sha512-q+iGUwfs8tncmFC9pcnD5IvRHAzmbwQ3GPS5/ceCyHdjXubwQWI12MKWSNSMYLJMq23/IUCvJMS76PDqXe1fxA==",
      "cpu": [
        "ia32"
      ],
      "license": "MIT",
      "optional": true,
      "os": [
        "win32"
      ],
      "engines": {
        "node": ">=18"
      }
    },
    "node_modules/@esbuild/win32-x64": {
      "version": "0.24.2",
      "resolved": "https://registry.npmjs.org/@esbuild/win32-x64/-/win32-x64-0.24.2.tgz",
      "integrity": "sha512-7VTgWzgMGvup6aSqDPLiW5zHaxYJGTO4OokMjIlrCtf+VpEL+cXKtCvg723iguPYI5oaUNdS+/V7OU2gvXVWEg==",
      "cpu": [
        "x64"
      ],
      "license": "MIT",
      "optional": true,
      "os": [
        "win32"
      ],
      "engines": {
        "node": ">=18"
      }
    },
    "node_modules/@obinexusltd/obix": {
      "resolved": "runtime/obix",
      "link": true
    },
    "node_modules/@obinexusltd/obix-adapter-data": {
      "resolved": "adapters/obix-adapter-data",
      "link": true
    },
    "node_modules/@obinexusltd/obix-adapter-func": {
      "resolved": "adapters/obix-adapter-func",
      "link": true
    },
    "node_modules/@obinexusltd/obix-adapter-oop": {
      "resolved": "adapters/obix-adapter-oop",
      "link": true
    },
    "node_modules/@obinexusltd/obix-adapter-reactive": {
      "resolved": "adapters/obix-adapter-reactive",
      "link": true
    },
    "node_modules/@obinexusltd/obix-adapter-ssr": {
      "resolved": "adapters/obix-adapter-ssr",
      "link": true
    },
    "node_modules/@obinexusltd/obix-component-button": {
      "resolved": "primitives/obix-component-button",
      "link": true
    },
    "node_modules/@obinexusltd/obix-component-card": {
      "resolved": "primitives/obix-component-card",
      "link": true
    },
    "node_modules/@obinexusltd/obix-component-dropdown": {
      "resolved": "overlays/obix-component-dropdown",
      "link": true
    },
    "node_modules/@obinexusltd/obix-component-image": {
      "resolved": "primitives/obix-component-image",
      "link": true
    },
    "node_modules/@obinexusltd/obix-component-link": {
      "resolved": "primitives/obix-component-link",
      "link": true
    },
    "node_modules/@obinexusltd/obix-component-modal": {
      "resolved": "overlays/obix-component-modal",
      "link": true
    },
    "node_modules/@obinexusltd/obix-component-tooltip": {
      "resolved": "overlays/obix-component-tooltip",
      "link": true
    },
    "node_modules/@obinexusltd/obix-component-video": {
      "resolved": "primitives/obix-component-video",
      "link": true
    },
    "node_modules/@obinexusltd/obix-core-capabilities": {
      "resolved": "core/obix-core-capabilities",
      "link": true
    },
    "node_modules/@obinexusltd/obix-core-diagnostics": {
      "resolved": "core/obix-core-diagnostics",
      "link": true
    },
    "node_modules/@obinexusltd/obix-core-filesystem": {
      "resolved": "core/obix-core-filesystem",
      "link": true
    },
    "node_modules/@obinexusltd/obix-core-modules": {
      "resolved": "core/obix-core-modules",
      "link": true
    },
    "node_modules/@obinexusltd/obix-core-native": {
      "resolved": "core/obix-core-native",
      "link": true
    },
    "node_modules/@obinexusltd/obix-core-process": {
      "resolved": "core/obix-core-process",
      "link": true
    },
    "node_modules/@obinexusltd/obix-core-scheduler": {
      "resolved": "core/obix-core-scheduler",
      "link": true
    },
    "node_modules/@obinexusltd/obix-core-streams": {
      "resolved": "core/obix-core-streams",
      "link": true
    },
    "node_modules/@obinexusltd/obix-core-web": {
      "resolved": "core/obix-core-web",
      "link": true
    },
    "node_modules/@obinexusltd/obix-core-workers": {
      "resolved": "core/obix-core-workers",
      "link": true
    },
    "node_modules/@obinexusltd/obix-game-pong": {
      "resolved": "games/obix-game-pong",
      "link": true
    },
    "node_modules/@types/node": {
      "version": "22.20.1",
      "resolved": "https://registry.npmjs.org/@types/node/-/node-22.20.1.tgz",
      "integrity": "sha512-EANqOCF9QFyra+4pfxUcX9STKJpCLjMbObVzljIJomAWSnuSIEAvyzEU53GaajbXJEgdh0iEcPL+DGvpUd4k1Q==",
      "dev": true,
      "license": "MIT",
      "dependencies": {
        "undici-types": "~6.21.0"
      }
    },
    "node_modules/esbuild": {
      "version": "0.24.2",
      "resolved": "https://registry.npmjs.org/esbuild/-/esbuild-0.24.2.tgz",
      "integrity": "sha512-+9egpBW8I3CD5XPe0n6BfT5fxLzxrlDzqydF3aviG+9ni1lDC/OvMHcxqEFV0+LANZG5R1bFMWfUrjVsdwxJvA==",
      "hasInstallScript": true,
      "license": "MIT",
      "bin": {
        "esbuild": "bin/esbuild"
      },
      "engines": {
        "node": ">=18"
      },
      "optionalDependencies": {
        "@esbuild/aix-ppc64": "0.24.2",
        "@esbuild/android-arm": "0.24.2",
        "@esbuild/android-arm64": "0.24.2",
        "@esbuild/android-x64": "0.24.2",
        "@esbuild/darwin-arm64": "0.24.2",
        "@esbuild/darwin-x64": "0.24.2",
        "@esbuild/freebsd-arm64": "0.24.2",
        "@esbuild/freebsd-x64": "0.24.2",
        "@esbuild/linux-arm": "0.24.2",
        "@esbuild/linux-arm64": "0.24.2",
        "@esbuild/linux-ia32": "0.24.2",
        "@esbuild/linux-loong64": "0.24.2",
        "@esbuild/linux-mips64el": "0.24.2",
        "@esbuild/linux-ppc64": "0.24.2",
        "@esbuild/linux-riscv64": "0.24.2",
        "@esbuild/linux-s390x": "0.24.2",
        "@esbuild/linux-x64": "0.24.2",
        "@esbuild/netbsd-arm64": "0.24.2",
        "@esbuild/netbsd-x64": "0.24.2",
        "@esbuild/openbsd-arm64": "0.24.2",
        "@esbuild/openbsd-x64": "0.24.2",
        "@esbuild/sunos-x64": "0.24.2",
        "@esbuild/win32-arm64": "0.24.2",
        "@esbuild/win32-ia32": "0.24.2",
        "@esbuild/win32-x64": "0.24.2"
      }
    },
    "node_modules/obix-accessibility": {
      "resolved": "packages/obix-accessibility",
      "link": true
    },
    "node_modules/obix-adapter-data": {
      "resolved": "packages/obix-adapter-data",
      "link": true
    },
    "node_modules/obix-adapter-func": {
      "resolved": "packages/obix-adapter-func",
      "link": true
    },
    "node_modules/obix-adapter-native": {
      "resolved": "packages/obix-adapter-native",
      "link": true
    },
    "node_modules/obix-adapter-oop": {
      "resolved": "packages/obix-adapter-oop",
      "link": true
    },
    "node_modules/obix-adapter-reactive": {
      "resolved": "packages/obix-adapter-reactive",
      "link": true
    },
    "node_modules/obix-adapter-ssr": {
      "resolved": "packages/obix-adapter-ssr",
      "link": true
    },
    "node_modules/obix-cli": {
      "resolved": "packages/obix-cli",
      "link": true
    },
    "node_modules/obix-compiler": {
      "resolved": "packages/obix-compiler",
      "link": true
    },
    "node_modules/obix-core": {
      "resolved": "suite/obix-core",
      "link": true
    },
    "node_modules/obix-effects": {
      "resolved": "packages/obix-effects",
      "link": true
    },
    "node_modules/obix-equivalence": {
      "resolved": "packages/obix-equivalence",
      "link": true
    },
    "node_modules/obix-ir": {
      "resolved": "packages/obix-ir",
      "link": true
    },
    "node_modules/obix-language-server": {
      "resolved": "packages/obix-language-server",
      "link": true
    },
    "node_modules/obix-parser": {
      "resolved": "packages/obix-parser",
      "link": true
    },
    "node_modules/obix-runtime": {
      "resolved": "packages/obix-runtime",
      "link": true
    },
    "node_modules/obix-spec": {
      "resolved": "packages/obix-spec",
      "link": true
    },
    "node_modules/obix-styles": {
      "resolved": "packages/obix-styles",
      "link": true
    },
    "node_modules/obix-template": {
      "resolved": "packages/obix-template",
      "link": true
    },
    "node_modules/obix-test": {
      "resolved": "suite/obix-test",
      "link": true
    },
    "node_modules/obix-timer": {
      "resolved": "packages/obix-timer",
      "link": true
    },
    "node_modules/obix-validator": {
      "resolved": "packages/obix-validator",
      "link": true
    },
    "node_modules/obixjs": {
      "resolved": "suite/obix",
      "link": true
    },
    "node_modules/typescript": {
      "version": "5.9.3",
      "resolved": "https://registry.npmjs.org/typescript/-/typescript-5.9.3.tgz",
      "integrity": "sha512-jl1vZzPDinLr9eUt3J/t7V6FgNEw9QjvBPdysz9KfQDD41fQrC2Y4vKQdiaUpFT4bXlb1RHhLpp8wtm6M5TgSw==",
      "dev": true,
      "license": "Apache-2.0",
      "bin": {
        "tsc": "bin/tsc",
        "tsserver": "bin/tsserver"
      },
      "engines": {
        "node": ">=14.17"
      }
    },
    "node_modules/undici-types": {
      "version": "6.21.0",
      "resolved": "https://registry.npmjs.org/undici-types/-/undici-types-6.21.0.tgz",
      "integrity": "sha512-iwDZqg0QAGrg9Rav5H4n0M64c3mkR59cJ6wQp+7C4nI0gsmExaedaYLNO44eT4AtBBwjbTiGPMlt2Md0T9H9JQ==",
      "dev": true,
      "license": "MIT"
    },
    "overlays/obix-component-dropdown": {
      "name": "@obinexusltd/obix-component-dropdown",
      "version": "0.3.0",
      "license": "MIT",
      "engines": {
        "node": ">=20.11.0"
      }
    },
    "overlays/obix-component-modal": {
      "name": "@obinexusltd/obix-component-modal",
      "version": "0.3.0",
      "license": "MIT",
      "engines": {
        "node": ">=20.11.0"
      }
    },
    "overlays/obix-component-tooltip": {
      "name": "@obinexusltd/obix-component-tooltip",
      "version": "0.3.0",
      "license": "MIT",
      "engines": {
        "node": ">=20.11.0"
      }
    },
    "packages/obix-accessibility": {
      "version": "0.2.1",
      "license": "MIT",
      "dependencies": {
        "obix-spec": "0.2.1",
        "obix-template": "0.2.1"
      },
      "engines": {
        "node": ">=20.11.0"
      }
    },
    "packages/obix-adapter-data": {
      "version": "0.2.1",
      "license": "MIT",
      "dependencies": {
        "obix-ir": "0.2.1",
        "obix-spec": "0.2.1"
      },
      "engines": {
        "node": ">=20.11.0"
      }
    },
    "packages/obix-adapter-func": {
      "version": "0.2.1",
      "license": "MIT",
      "dependencies": {
        "obix-ir": "0.2.1",
        "obix-spec": "0.2.1"
      },
      "engines": {
        "node": ">=20.11.0"
      }
    },
    "packages/obix-adapter-native": {
      "version": "0.2.1",
      "license": "MIT",
      "dependencies": {
        "obix-adapter-reactive": "0.2.1",
        "obix-ir": "0.2.1",
        "obix-runtime": "0.2.1",
        "obix-spec": "0.2.1"
      },
      "engines": {
        "node": ">=20.11.0"
      }
    },
    "packages/obix-adapter-oop": {
      "version": "0.2.1",
      "license": "MIT",
      "dependencies": {
        "obix-ir": "0.2.1",
        "obix-spec": "0.2.1"
      },
      "engines": {
        "node": ">=20.11.0"
      }
    },
    "packages/obix-adapter-reactive": {
      "version": "0.2.1",
      "license": "MIT",
      "dependencies": {
        "obix-effects": "0.2.1",
        "obix-ir": "0.2.1",
        "obix-spec": "0.2.1"
      },
      "engines": {
        "node": ">=20.11.0"
      }
    },
    "packages/obix-adapter-ssr": {
      "version": "0.2.1",
      "license": "MIT",
      "dependencies": {
        "obix-ir": "0.2.1",
        "obix-spec": "0.2.1"
      },
      "engines": {
        "node": ">=20.11.0"
      }
    },
    "packages/obix-cli": {
      "version": "0.2.1",
      "license": "MIT",
      "dependencies": {
        "obix-compiler": "0.2.1",
        "obix-equivalence": "0.2.1",
        "obix-validator": "0.2.1"
      },
      "bin": {
        "obixc": "dist/bin/obixc.js"
      },
      "engines": {
        "node": ">=20.11.0"
      }
    },
    "packages/obix-compiler": {
      "version": "0.2.1",
      "license": "MIT",
      "dependencies": {
        "obix-accessibility": "0.2.1",
        "obix-ir": "0.2.1",
        "obix-parser": "0.2.1",
        "obix-spec": "0.2.1",
        "obix-styles": "0.2.1",
        "obix-template": "0.2.1",
        "obix-validator": "0.2.1"
      },
      "engines": {
        "node": ">=20.11.0"
      }
    },
    "packages/obix-effects": {
      "version": "0.2.1",
      "license": "MIT",
      "dependencies": {
        "obix-spec": "0.2.1"
      },
      "engines": {
        "node": ">=20.11.0"
      }
    },
    "packages/obix-equivalence": {
      "version": "0.2.1",
      "license": "MIT",
      "dependencies": {
        "obix-adapter-data": "0.2.1",
        "obix-adapter-func": "0.2.1",
        "obix-adapter-oop": "0.2.1",
        "obix-adapter-reactive": "0.2.1",
        "obix-ir": "0.2.1",
        "obix-spec": "0.2.1",
        "obix-validator": "0.2.1"
      },
      "engines": {
        "node": ">=20.11.0"
      }
    },
    "packages/obix-ir": {
      "version": "0.2.1",
      "license": "MIT",
      "dependencies": {
        "obix-spec": "0.2.1"
      },
      "engines": {
        "node": ">=20.11.0"
      }
    },
    "packages/obix-language-server": {
      "version": "0.2.1",
      "license": "MIT",
      "dependencies": {
        "obix-compiler": "0.2.1",
        "obix-parser": "0.2.1",
        "obix-spec": "0.2.1",
        "obix-template": "0.2.1"
      },
      "engines": {
        "node": ">=20.11.0"
      }
    },
    "packages/obix-parser": {
      "version": "0.2.1",
      "license": "MIT",
      "dependencies": {
        "obix-spec": "0.2.1"
      },
      "engines": {
        "node": ">=20.11.0"
      }
    },
    "packages/obix-runtime": {
      "version": "0.2.1",
      "license": "MIT",
      "engines": {
        "node": ">=20.11.0"
      }
    },
    "packages/obix-spec": {
      "version": "0.2.1",
      "license": "MIT",
      "engines": {
        "node": ">=20.11.0"
      }
    },
    "packages/obix-styles": {
      "version": "0.2.1",
      "license": "MIT",
      "dependencies": {
        "obix-spec": "0.2.1"
      },
      "engines": {
        "node": ">=20.11.0"
      }
    },
    "packages/obix-template": {
      "version": "0.2.1",
      "license": "MIT",
      "dependencies": {
        "obix-spec": "0.2.1"
      },
      "engines": {
        "node": ">=20.11.0"
      }
    },
    "packages/obix-timer": {
      "version": "0.2.1",
      "license": "MIT",
      "dependencies": {
        "obix-adapter-data": "0.2.1",
        "obix-adapter-func": "0.2.1",
        "obix-adapter-oop": "0.2.1",
        "obix-adapter-reactive": "0.2.1",
        "obix-ir": "0.2.1",
        "obix-spec": "0.2.1"
      },
      "engines": {
        "node": ">=20.11.0"
      }
    },
    "packages/obix-validator": {
      "version": "0.2.1",
      "license": "MIT",
      "dependencies": {
        "obix-ir": "0.2.1",
        "obix-spec": "0.2.1"
      },
      "engines": {
        "node": ">=20.11.0"
      }
    },
    "primitives/obix-component-button": {
      "name": "@obinexusltd/obix-component-button",
      "version": "0.3.0",
      "license": "MIT",
      "engines": {
        "node": ">=20.11.0"
      }
    },
    "primitives/obix-component-card": {
      "name": "@obinexusltd/obix-component-card",
      "version": "0.3.0",
      "license": "MIT",
      "engines": {
        "node": ">=20.11.0"
      }
    },
    "primitives/obix-component-image": {
      "name": "@obinexusltd/obix-component-image",
      "version": "0.3.0",
      "license": "MIT",
      "engines": {
        "node": ">=20.11.0"
      }
    },
    "primitives/obix-component-link": {
      "name": "@obinexusltd/obix-component-link",
      "version": "0.3.0",
      "license": "MIT",
      "engines": {
        "node": ">=20.11.0"
      }
    },
    "primitives/obix-component-video": {
      "name": "@obinexusltd/obix-component-video",
      "version": "0.3.0",
      "license": "MIT",
      "engines": {
        "node": ">=20.11.0"
      }
    },
    "runtime/obix": {
      "name": "@obinexusltd/obix",
      "version": "0.3.0",
      "license": "MIT",
      "dependencies": {
        "@obinexusltd/obix-adapter-data": "0.3.0",
        "@obinexusltd/obix-adapter-func": "0.3.0",
        "@obinexusltd/obix-adapter-oop": "0.3.0",
        "@obinexusltd/obix-adapter-reactive": "0.3.0",
        "@obinexusltd/obix-adapter-ssr": "0.3.0",
        "@obinexusltd/obix-core-capabilities": "0.1.0",
        "@obinexusltd/obix-core-diagnostics": "0.1.0",
        "@obinexusltd/obix-core-filesystem": "0.1.0",
        "@obinexusltd/obix-core-modules": "0.1.0",
        "@obinexusltd/obix-core-native": "0.1.0",
        "@obinexusltd/obix-core-process": "0.1.0",
        "@obinexusltd/obix-core-scheduler": "0.1.0",
        "@obinexusltd/obix-core-streams": "0.1.0",
        "@obinexusltd/obix-core-web": "0.1.0",
        "@obinexusltd/obix-core-workers": "0.1.0"
      },
      "bin": {
        "obix": "dist/bin/obix.js"
      },
      "engines": {
        "node": ">=20.11.0"
      }
    },
    "suite/obix": {
      "name": "obixjs",
      "version": "0.3.0",
      "license": "MIT",
      "dependencies": {
        "esbuild": "^0.24.2",
        "obix-core": "0.3.0",
        "obix-test": "0.3.0"
      },
      "bin": {
        "obix": "dist/bin/obix.js"
      },
      "devDependencies": {
        "typescript": "^5.7.2"
      },
      "engines": {
        "node": ">=20.11.0"
      }
    },
    "suite/obix-core": {
      "version": "0.3.0",
      "license": "MIT",
      "engines": {
        "node": ">=20.11.0"
      }
    },
    "suite/obix-test": {
      "version": "0.3.0",
      "license": "MIT",
      "dependencies": {
        "obix-core": "0.3.0"
      },
      "engines": {
        "node": ">=20.11.0"
      }
    }
  }
}
